
Microsoft Visual Studio Solution File, Format Version 10.00
# Visual Studio 2008
Project("{8BC9CEB8-8B4A-11D0-8D11-00A0C91BC942}") = "BasicWebServer", "BasicWebServer.vcproj", "{CF1C84B0-6EE8-400B-A6DB-0D20133229E9}"
EndProject
Project("{8BC9CEB8-8B4A-11D0-8D11-00A0C91BC942}") = "CmdWebServer", "..\CmdWebServer\CmdWebServer.vcproj", "{F6C649CF-8EC9-413F-A7A4-C58736682DFC}"
EndProject
Global
	GlobalSection(SolutionConfigurationPlatforms) = preSolution
		Debug|Win32 = Debug|Win32
		Release|Win32 = Release|Win32
	EndGlobalSection
	GlobalSection(ProjectConfigurationPlatforms) = postSolution
		{CF1C84B0-6EE8-400B-A6DB-0D20133229E9}.Debug|Win32.ActiveCfg = Debug|Win32
		{CF1C84B0-6EE8-400B-A6DB-0D20133229E9}.Debug|Win32.Build.0 = Debug|Win32
		{CF1C84B0-6EE8-400B-A6DB-0D20133229E9}.Release|Win32.ActiveCfg = Release|Win32
		{CF1C84B0-6EE8-400B-A6DB-0D20133229E9}.Release|Win32.Build.0 = Release|Win32
		{F6C649CF-8EC9-413F-A7A4-C58736682DFC}.Debug|Win32.ActiveCfg = Debug|Win32
		{F6C649CF-8EC9-413F-A7A4-C58736682DFC}.Debug|Win32.Build.0 = Debug|Win32
		{F6C649CF-8EC9-413F-A7A4-C58736682DFC}.Release|Win32.ActiveCfg = Release|Win32
		{F6C649CF-8EC9-413F-A7A4-C58736682DFC}.Release|Win32.Build.0 = Release|Win32
	EndGlobalSection
	GlobalSection(SolutionProperties) = preSolution
		HideSolutionNode = FALSE
	EndGlobalSection
EndGlobal
